// !$*UTF8*$!
{
	archiveVersion = 1;
	classes = {
	};
	objectVersion = 46;
	objects = {

/* Begin PBXBuildFile section */
		8CEF54941AC8F792005906D1 /* AppDelegate.swift in Sources */ = {isa = PBXBuildFile; fileRef = 8CEF54931AC8F792005906D1 /* AppDelegate.swift */; };
		8CEF54961AC8F792005906D1 /* ViewController.swift in Sources */ = {isa = PBXBuildFile; fileRef = 8CEF54951AC8F792005906D1 /* ViewController.swift */; };
		8CEF54991AC8F792005906D1 /* Main.storyboard in Resources */ = {isa = PBXBuildFile; fileRef = 8CEF54971AC8F792005906D1 /* Main.storyboard */; };
		8CEF549B1AC8F792005906D1 /* Images.xcassets in Resources */ = {isa = PBXBuildFile; fileRef = 8CEF549A1AC8F792005906D1 /* Images.xcassets */; };
		8CEF549E1AC8F792005906D1 /* LaunchScreen.xib in Resources */ = {isa = PBXBuildFile; fileRef = 8CEF549C1AC8F792005906D1 /* LaunchScreen.xib */; };
		8CEF54AA1AC8F792005906D1 /* sumobotTests.swift in Sources */ = {isa = PBXBuildFile; fileRef = 8CEF54A91AC8F792005906D1 /* sumobotTests.swift */; };
/* End PBXBuildFile section */

/* Begin PBXContainerItemProxy section */
		8CEF54A41AC8F792005906D1 /* PBXContainerItemProxy */ = {
			isa = PBXContainerItemProxy;
			containerPortal = 8CEF54861AC8F792005906D1 /* Project object */;
			proxyType = 1;
			remoteGlobalIDString = 8CEF548D1AC8F792005906D1;
			remoteInfo = sumobot;
		};
/* End PBXContainerItemProxy section */

/* Begin PBXFileReference section */
		8CEF548E1AC8F792005906D1 /* sumobot.app */ = {isa = PBXFileReference; explicitFileType = wrapper.application; includeInIndex = 0; path = sumobot.app; sourceTree = BUILT_PRODUCTS_DIR; };
		8CEF54921AC8F792005906D1 /* Info.plist */ = {isa = PBXFileReference; lastKnownFileType = text.plist.xml; path = Info.plist; sourceTree = "<group>"; };
		8CEF54931AC8F792005906D1 /* AppDelegate.swift */ = {isa = PBXFileReference; lastKnownFileType = sourcecode.swift; path = AppDelegate.swift; sourceTree = "<group>"; };
		8CEF54951AC8F792005906D1 /* ViewController.swift */ = {isa = PBXFileReference; lastKnownFileType = sourcecode.swift; path = ViewController.swift; sourceTree = "<group>"; };
		8CEF54981AC8F792005906D1 /* Base */ = {isa = PBXFileReference; lastKnownFileType = file.storyboard; name = Base; path = Base.lproj/Main.storyboard; sourceTree = "<group>"; };
		8CEF549A1AC8F792005906D1 /* Images.xcassets */ = {isa = PBXFileReference; lastKnownFileType = folder.assetcatalog; path = Images.xcassets; sourceTree = "<group>"; };
		8CEF549D1AC8F792005906D1 /* Base */ = {isa = PBXFileReference; lastKnownFileType = file.xib; name = Base; path = Base.lproj/LaunchScreen.xib; sourceTree = "<group>"; };
		8CEF54A31AC8F792005906D1 /* sumobotTests.xctest */ = {isa = PBXFileReference; explicitFileType = wrapper.cfbundle; includeInIndex = 0; path = sumobotTests.xctest; sourceTree = BUILT_PRODUCTS_DIR; };
		8CEF54A81AC8F792005906D1 /* Info.plist */ = {isa = PBXFileReference; lastKnownFileType = text.plist.xml; path = Info.plist; sourceTree = "<group>"; };
		8CEF54A91AC8F792005906D1 /* sumobotTests.swift */ = {isa = PBXFileReference; lastKnownFileType = sourcecode.swift; path = sumobotTests.swift; sourceTree = "<group>"; };
/* End PBXFileReference section */

/* Begin PBXFrameworksBuildPhase section */
		8CEF548B1AC8F792005906D1 /* Frameworks */ = {
			isa = PBXFrameworksBuildPhase;
			buildActionMask = 2147483647;
			files = (
			);
			runOnlyForDeploymentPostprocessing = 0;
		};
		8CEF54A01AC8F792005906D1 /* Frameworks */ = {
			isa = PBXFrameworksBuildPhase;
			buildActionMask = 2147483647;
			files = (
			);
			runOnlyForDeploymentPostprocessing = 0;
		};
/* End PBXFrameworksBuildPhase section */

/* Begin PBXGroup section */
		8CEF54851AC8F792005906D1 = {
			isa = PBXGroup;
			children = (
				8CEF54901AC8F792005906D1 /* sumobot */,
				8CEF54A61AC8F792005906D1 /* sumobotTests */,
				8CEF548F1AC8F792005906D1 /* Products */,
			);
			sourceTree = "<group>";
		};
		8CEF548F1AC8F792005906D1 /* Products */ = {
			isa = PBXGroup;
			children = (
				8CEF548E1AC8F792005906D1 /* sumobot.app */,
				8CEF54A31AC8F792005906D1 /* sumobotTests.xctest */,
			);
			name = Products;
			sourceTree = "<group>";
		};
		8CEF54901AC8F792005906D1 /* sumobot */ = {
			isa = PBXGroup;
			children = (
				8CEF54931AC8F792005906D1 /* AppDelegate.swift */,
				8CEF54951AC8F792005906D1 /* ViewController.swift */,
				8CEF54971AC8F792005906D1 /* Main.storyboard */,
				8CEF549A1AC8F792005906D1 /* Images.xcassets */,
				8CEF549C1AC8F792005906D1 /* LaunchScreen.xib */,
				8CEF54911AC8F792005906D1 /* Supporting Files */,
			);
			path = sumobot;
			sourceTree = "<group>";
		};
		8CEF54911AC8F792005906D1 /* Supporting Files */ = {
			isa = PBXGroup;
			children = (
				8CEF54921AC8F792005906D1 /* Info.plist */,
			);
			name = "Supporting Files";
			sourceTree = "<group>";
		};
		8CEF54A61AC8F792005906D1 /* sumobotTests */ = {
			isa = PBXGroup;
			children = (
				8CEF54A91AC8F792005906D1 /* sumobotTests.swift */,
				8CEF54A71AC8F792005906D1 /* Supporting Files */,
			);
			path = sumobotTests;
			sourceTree = "<group>";
		};
		8CEF54A71AC8F792005906D1 /* Supporting Files */ = {
			isa = PBXGroup;
			children = (
				8CEF54A81AC8F792005906D1 /* Info.plist */,
			);
			name = "Supporting Files";
			sourceTree = "<group>";
		};
/* End PBXGroup section */

/* Begin PBXNativeTarget section */
		8CEF548D1AC8F792005906D1 /* sumobot */ = {
			isa = PBXNativeTarget;
			buildConfigurationList = 8CEF54AD1AC8F792005906D1 /* Build configuration list for PBXNativeTarget "sumobot" */;
			buildPhases = (
				8CEF548A1AC8F792005906D1 /* Sources */,
				8CEF548B1AC8F792005906D1 /* Frameworks */,
				8CEF548C1AC8F792005906D1 /* Resources */,
			);
			buildRules = (
			);
			dependencies = (
			);
			name = sumobot;
			productName = sumobot;
			productReference = 8CEF548E1AC8F792005906D1 /* sumobot.app */;
			productType = "com.apple.product-type.application";
		};
		8CEF54A21AC8F792005906D1 /* sumobotTests */ = {
			isa = PBXNativeTarget;
			buildConfigurationList = 8CEF54B01AC8F792005906D1 /* Build configuration list for PBXNativeTarget "sumobotTests" */;
			buildPhases = (
				8CEF549F1AC8F792005906D1 /* Sources */,
				8CEF54A01AC8F792005906D1 /* Frameworks */,
				8CEF54A11AC8F792005906D1 /* Resources */,
			);
			buildRules = (
			);
			dependencies = (
				8CEF54A51AC8F792005906D1 /* PBXTargetDependency */,
			);
			name = sumobotTests;
			productName = sumobotTests;
			productReference = 8CEF54A31AC8F792005906D1 /* sumobotTests.xctest */;
			productType = "com.apple.product-type.bundle.unit-test";
		};
/* End PBXNativeTarget section */

/* Begin PBXProject section */
		8CEF54861AC8F792005906D1 /* Project object */ = {
			isa = PBXProject;
			attributes = {
				LastUpgradeCheck = 0620;
				ORGANIZATIONNAME = SparkBarn;
				TargetAttributes = {
					8CEF548D1AC8F792005906D1 = {
						CreatedOnToolsVersion = 6.2;
					};
					8CEF54A21AC8F792005906D1 = {
						CreatedOnToolsVersion = 6.2;
						TestTargetID = 8CEF548D1AC8F792005906D1;
					};
				};
			};
			buildConfigurationList = 8CEF54891AC8F792005906D1 /* Build configuration list for PBXProject "sumobot" */;
			compatibilityVersion = "Xcode 3.2";
			developmentRegion = English;
			hasScannedForEncodings = 0;
			knownRegions = (
				en,
				Base,
			);
			mainGroup = 8CEF54851AC8F792005906D1;
			productRefGroup = 8CEF548F1AC8F792005906D1 /* Products */;
			projectDirPath = "";
			projectRoot = "";
			targets = (
				8CEF548D1AC8F792005906D1 /* sumobot */,
				8CEF54A21AC8F792005906D1 /* sumobotTests */,
			);
		};
/* End PBXProject section */

/* Begin PBXResourcesBuildPhase section */
		8CEF548C1AC8F792005906D1 /* Resources */ = {
			isa = PBXResourcesBuildPhase;
			buildActionMask = 2147483647;
			files = (
				8CEF54991AC8F792005906D1 /* Main.storyboard in Resources */,
				8CEF549E1AC8F792005906D1 /* LaunchScreen.xib in Resources */,
				8CEF549B1AC8F792005906D1 /* Images.xcassets in Resources */,
			);
			runOnlyForDeploymentPostprocessing = 0;
		};
		8CEF54A11AC8F792005906D1 /* Resources */ = {
			isa = PBXResourcesBuildPhase;
			buildActionMask = 2147483647;
			files = (
			);
			runOnlyForDeploymentPostprocessing = 0;
		};
/* End PBXResourcesBuildPhase section */

/* Begin PBXSourcesBuildPhase section */
		8CEF548A1AC8F792005906D1 /* Sources */ = {
			isa = PBXSourcesBuildPhase;
			buildActionMask = 2147483647;
			files = (
				8CEF54961AC8F792005906D1 /* ViewController.swift in Sources */,
				8CEF54941AC8F792005906D1 /* AppDelegate.swift in Sources */,
			);
			runOnlyForDeploymentPostprocessing = 0;
		};
		8CEF549F1AC8F792005906D1 /* Sources */ = {
			isa = PBXSourcesBuildPhase;
			buildActionMask = 2147483647;
			files = (
				8CEF54AA1AC8F792005906D1 /* sumobotTests.swift in Sources */,
			);
			runOnlyForDeploymentPostprocessing = 0;
		};
/* End PBXSourcesBuildPhase section */

/* Begin PBXTargetDependency section */
		8CEF54A51AC8F792005906D1 /* PBXTargetDependency */ = {
			isa = PBXTargetDependency;
			target = 8CEF548D1AC8F792005906D1 /* sumobot */;
			targetProxy = 8CEF54A41AC8F792005906D1 /* PBXContainerItemProxy */;
		};
/* End PBXTargetDependency section */

/* Begin PBXVariantGroup section */
		8CEF54971AC8F792005906D1 /* Main.storyboard */ = {
			isa = PBXVariantGroup;
			children = (
				8CEF54981AC8F792005906D1 /* Base */,
			);
			name = Main.storyboard;
			sourceTree = "<group>";
		};
		8CEF549C1AC8F792005906D1 /* LaunchScreen.xib */ = {
			isa = PBXVariantGroup;
			children = (
				8CEF549D1AC8F792005906D1 /* Base */,
			);
			name = LaunchScreen.xib;
			sourceTree = "<group>";
		};
/* End PBXVariantGroup section */

/* Begin XCBuildConfiguration section */
		8CEF54AB1AC8F792005906D1 /* Debug */ = {
			isa = XCBuildConfiguration;
			buildSettings = {
				ALWAYS_SEARCH_USER_PATHS = NO;
				CLANG_CXX_LANGUAGE_STANDARD = "gnu++0x";
				CLANG_CXX_LIBRARY = "libc++";
				CLANG_ENABLE_MODULES = YES;
				CLANG_ENABLE_OBJC_ARC = YES;
				CLANG_WARN_BOOL_CONVERSION = YES;
				CLANG_WARN_CONSTANT_CONVERSION = YES;
				CLANG_WARN_DIRECT_OBJC_ISA_USAGE = YES_ERROR;
				CLANG_WARN_EMPTY_BODY = YES;
				CLANG_WARN_ENUM_CONVERSION = YES;
				CLANG_WARN_INT_CONVERSION = YES;
				CLANG_WARN_OBJC_ROOT_CLASS = YES_ERROR;
				CLANG_WARN_UNREACHABLE_CODE = YES;
				CLANG_WARN__DUPLICATE_METHOD_MATCH = YES;
				"CODE_SIGN_IDENTITY[sdk=iphoneos*]" = "iPhone Developer";
				COPY_PHASE_STRIP = NO;
				ENABLE_STRICT_OBJC_MSGSEND = YES;
				GCC_C_LANGUAGE_STANDARD = gnu99;
				GCC_DYNAMIC_NO_PIC = NO;
				GCC_OPTIMIZATION_LEVEL = 0;
				GCC_PREPROCESSOR_DEFINITIONS = (
					"DEBUG=1",
					"$(inherited)",
				);
				GCC_SYMBOLS_PRIVATE_EXTERN = NO;
				GCC_WARN_64_TO_32_BIT_CONVERSION = YES;
				GCC_WARN_ABOUT_RETURN_TYPE = YES_ERROR;
				GCC_WARN_UNDECLARED_SELECTOR = YES;
				GCC_WARN_UNINITIALIZED_AUTOS = YES_AGGRESSIVE;
				GCC_WARN_UNUSED_FUNCTION = YES;
				GCC_WARN_UNUSED_VARIABLE = YES;
				IPHONEOS_DEPLOYMENT_TARGET = 8.2;
				MTL_ENABLE_DEBUG_INFO = YES;
				ONLY_ACTIVE_ARCH = YES;
				SDKROOT = iphoneos;
				SWIFT_OPTIMIZATION_LEVEL = "-Onone";
				TARGETED_DEVICE_FAMILY = "1,2";
			};
			name = Debug;
		};
		8CEF54AC1AC8F792005906D1 /* Release */ = {
			isa = XCBuildConfiguration;
			buildSettings = {
				ALWAYS_SEARCH_USER_PATHS = NO;
				CLANG_CXX_LANGUAGE_STANDARD = "gnu++0x";
				CLANG_CXX_LIBRARY = "libc++";
				CLANG_ENABLE_MODULES = YES;
				CLANG_ENABLE_OBJC_ARC = YES;
				CLANG_WARN_BOOL_CONVERSION = YES;
				CLANG_WARN_CONSTANT_CONVERSION = YES;
				CLANG_WARN_DIRECT_OBJC_ISA_USAGE = YES_ERROR;
				CLANG_WARN_EMPTY_BODY = YES;
				CLANG_WARN_ENUM_CONVERSION = YES;
				CLANG_WARN_INT_CONVERSION = YES;
				CLANG_WARN_OBJC_ROOT_CLASS = YES_ERROR;
				CLANG_WARN_UNREACHABLE_CODE = YES;
				CLANG_WARN__DUPLICATE_METHOD_MATCH = YES;
				"CODE_SIGN_IDENTITY[sdk=iphoneos*]" = "iPhone Developer";
				COPY_PHASE_STRIP = NO;
				ENABLE_NS_ASSERTIONS = NO;
				ENABLE_STRICT_OBJC_MSGSEND = YES;
				GCC_C_LANGUAGE_STANDARD = gnu99;
				GCC_WARN_64_TO_32_BIT_CONVERSION = YES;
				GCC_WARN_ABOUT_RETURN_TYPE = YES_ERROR;
				GCC_WARN_UNDECLARED_SELECTOR = YES;
				GCC_WARN_UNINITIALIZED_AUTOS = YES_AGGRESSIVE;
				GCC_WARN_UNUSED_FUNCTION = YES;
				GCC_WARN_UNUSED_VARIABLE = YES;
				IPHONEOS_DEPLOYMENT_TARGET = 8.2;
				MTL_ENABLE_DEBUG_INFO = NO;
				SDKROOT = iphoneos;
				TARGETED_DEVICE_FAMILY = "1,2";
				VALIDATE_PRODUCT = YES;
			};
			name = Release;
		};
		8CEF54AE1AC8F792005906D1 /* Debug */ = {
			isa = XCBuildConfiguration;
			buildSettings = {
				ASSETCATALOG_COMPILER_APPICON_NAME = AppIcon;
				INFOPLIST_FILE = sumobot/Info.plist;
				LD_RUNPATH_SEARCH_PATHS = "$(inherited) @executable_path/Frameworks";
				PRODUCT_NAME = "$(TARGET_NAME)";
			};
			name = Debug;
		};
		8CEF54AF1AC8F792005906D1 /* Release */ = {
			isa = XCBuildConfiguration;
			buildSettings = {
				ASSETCATALOG_COMPILER_APPICON_NAME = AppIcon;
				INFOPLIST_FILE = sumobot/Info.plist;
				LD_RUNPATH_SEARCH_PATHS = "$(inherited) @executable_path/Frameworks";
				PRODUCT_NAME = "$(TARGET_NAME)";
			};
			name = Release;
		};
		8CEF54B11AC8F792005906D1 /* Debug */ = {
			isa = XCBuildConfiguration;
			buildSettings = {
				BUNDLE_LOADER = "$(TEST_HOST)";
				"CODE_SIGN_IDENTITY[sdk=iphoneos*]" = "iPhone Developer: Gary Johnson (62PCL36K84)";
				FRAMEWORK_SEARCH_PATHS = (
					"$(SDKROOT)/Developer/Library/Frameworks",
					"$(inherited)",
				);
				GCC_PREPROCESSOR_DEFINITIONS = (
					"DEBUG=1",
					"$(inherited)",
				);
				INFOPLIST_FILE = sumobotTests/Info.plist;
				LD_RUNPATH_SEARCH_PATHS = "$(inherited) @executable_path/Frameworks @loader_path/Frameworks";
				PRODUCT_NAME = "$(TARGET_NAME)";
				TEST_HOST = "$(BUILT_PRODUCTS_DIR)/sumobot.app/sumobot";
			};
			name = Debug;
		};
		8CEF54B21AC8F792005906D1 /* Release */ = {
			isa = XCBuildConfiguration;
			buildSettings = {
				BUNDLE_LOADER = "$(TEST_HOST)";
				"CODE_SIGN_IDENTITY[sdk=iphoneos*]" = "iPhone Developer: Gary Johnson (62PCL36K84)";
				FRAMEWORK_SEARCH_PATHS = (
					"$(SDKROOT)/Developer/Library/Frameworks",
					"$(inherited)",
				);
				INFOPLIST_FILE = sumobotTests/Info.plist;
				LD_RUNPATH_SEARCH_PATHS = "$(inherited) @executable_path/Frameworks @loader_path/Frameworks";
				PRODUCT_NAME = "$(TARGET_NAME)";
				TEST_HOST = "$(BUILT_PRODUCTS_DIR)/sumobot.app/sumobot";
			};
			name = Release;
		};
/* End XCBuildConfiguration section */

/* Begin XCConfigurationList section */
		8CEF54891AC8F792005906D1 /* Build configuration list for PBXProject "sumobot" */ = {
			isa = XCConfigurationList;
			buildConfigurations = (
				8CEF54AB1AC8F792005906D1 /* Debug */,
				8CEF54AC1AC8F792005906D1 /* Release */,
			);
			defaultConfigurationIsVisible = 0;
			defaultConfigurationName = Release;
		};
		8CEF54AD1AC8F792005906D1 /* Build configuration list for PBXNativeTarget "sumobot" */ = {
			isa = XCConfigurationList;
			buildConfigurations = (
				8CEF54AE1AC8F792005906D1 /* Debug */,
				8CEF54AF1AC8F792005906D1 /* Release */,
			);
			defaultConfigurationIsVisible = 0;
			defaultConfigurationName = Release;
		};
		8CEF54B01AC8F792005906D1 /* Build configuration list for PBXNativeTarget "sumobotTests" */ = {
			isa = XCConfigurationList;
			buildConfigurations = (
				8CEF54B11AC8F792005906D1 /* Debug */,
				8CEF54B21AC8F792005906D1 /* Release */,
			);
			defaultConfigurationIsVisible = 0;
			defaultConfigurationName = Release;
		};
/* End XCConfigurationList section */
	};
	rootObject = 8CEF54861AC8F792005906D1 /* Project object */;
}
