// !$*UTF8*$!
{
	archiveVersion = 1;
	classes = {
	};
	objectVersion = 46;
	objects = {

/* Begin PBXBuildFile section */
		426B2465B94DD7DBE36B9213 /* BTLEService.m in Sources */ = {isa = PBXBuildFile; fileRef = 426B240AF71365374AE070C2 /* BTLEService.m */; };
		8CD69C461AE348C500D6EDB7 /* main.m in Sources */ = {isa = PBXBuildFile; fileRef = 8CD69C451AE348C500D6EDB7 /* main.m */; };
		8CD69C491AE348C500D6EDB7 /* AppDelegate.m in Sources */ = {isa = PBXBuildFile; fileRef = 8CD69C481AE348C500D6EDB7 /* AppDelegate.m */; };
		8CD69C4C1AE348C500D6EDB7 /* ViewController.m in Sources */ = {isa = PBXBuildFile; fileRef = 8CD69C4B1AE348C500D6EDB7 /* ViewController.m */; };
		8CD69C4F1AE348C500D6EDB7 /* Main.storyboard in Resources */ = {isa = PBXBuildFile; fileRef = 8CD69C4D1AE348C500D6EDB7 /* Main.storyboard */; };
		8CD69C511AE348C500D6EDB7 /* Images.xcassets in Resources */ = {isa = PBXBuildFile; fileRef = 8CD69C501AE348C500D6EDB7 /* Images.xcassets */; };
		8CD69C541AE348C500D6EDB7 /* LaunchScreen.xib in Resources */ = {isa = PBXBuildFile; fileRef = 8CD69C521AE348C500D6EDB7 /* LaunchScreen.xib */; };
		8CD69C601AE348C500D6EDB7 /* sumobotTests.m in Sources */ = {isa = PBXBuildFile; fileRef = 8CD69C5F1AE348C500D6EDB7 /* sumobotTests.m */; };
/* End PBXBuildFile section */

/* Begin PBXContainerItemProxy section */
		8CD69C5A1AE348C500D6EDB7 /* PBXContainerItemProxy */ = {
			isa = PBXContainerItemProxy;
			containerPortal = 8CD69C381AE348C500D6EDB7 /* Project object */;
			proxyType = 1;
			remoteGlobalIDString = 8CD69C3F1AE348C500D6EDB7;
			remoteInfo = sumobot;
		};
/* End PBXContainerItemProxy section */

/* Begin PBXFileReference section */
		426B240AF71365374AE070C2 /* BTLEService.m */ = {isa = PBXFileReference; fileEncoding = 4; lastKnownFileType = sourcecode.c.objc; path = BTLEService.m; sourceTree = "<group>"; };
		426B293439C068C743BE1A68 /* BTLEServiceDelegate.h */ = {isa = PBXFileReference; fileEncoding = 4; lastKnownFileType = sourcecode.c.h; path = BTLEServiceDelegate.h; sourceTree = "<group>"; };
		426B2AFD34D99E171ADCF155 /* BTLEService.h */ = {isa = PBXFileReference; fileEncoding = 4; lastKnownFileType = sourcecode.c.h; path = BTLEService.h; sourceTree = "<group>"; };
		8CD69C401AE348C500D6EDB7 /* sumobot.app */ = {isa = PBXFileReference; explicitFileType = wrapper.application; includeInIndex = 0; path = sumobot.app; sourceTree = BUILT_PRODUCTS_DIR; };
		8CD69C441AE348C500D6EDB7 /* Info.plist */ = {isa = PBXFileReference; lastKnownFileType = text.plist.xml; path = Info.plist; sourceTree = "<group>"; };
		8CD69C451AE348C500D6EDB7 /* main.m */ = {isa = PBXFileReference; lastKnownFileType = sourcecode.c.objc; path = main.m; sourceTree = "<group>"; };
		8CD69C471AE348C500D6EDB7 /* AppDelegate.h */ = {isa = PBXFileReference; lastKnownFileType = sourcecode.c.h; path = AppDelegate.h; sourceTree = "<group>"; };
		8CD69C481AE348C500D6EDB7 /* AppDelegate.m */ = {isa = PBXFileReference; lastKnownFileType = sourcecode.c.objc; path = AppDelegate.m; sourceTree = "<group>"; };
		8CD69C4A1AE348C500D6EDB7 /* ViewController.h */ = {isa = PBXFileReference; lastKnownFileType = sourcecode.c.h; path = ViewController.h; sourceTree = "<group>"; };
		8CD69C4B1AE348C500D6EDB7 /* ViewController.m */ = {isa = PBXFileReference; lastKnownFileType = sourcecode.c.objc; path = ViewController.m; sourceTree = "<group>"; };
		8CD69C4E1AE348C500D6EDB7 /* Base */ = {isa = PBXFileReference; lastKnownFileType = file.storyboard; name = Base; path = Base.lproj/Main.storyboard; sourceTree = "<group>"; };
		8CD69C501AE348C500D6EDB7 /* Images.xcassets */ = {isa = PBXFileReference; lastKnownFileType = folder.assetcatalog; path = Images.xcassets; sourceTree = "<group>"; };
		8CD69C531AE348C500D6EDB7 /* Base */ = {isa = PBXFileReference; lastKnownFileType = file.xib; name = Base; path = Base.lproj/LaunchScreen.xib; sourceTree = "<group>"; };
		8CD69C591AE348C500D6EDB7 /* sumobotTests.xctest */ = {isa = PBXFileReference; explicitFileType = wrapper.cfbundle; includeInIndex = 0; path = sumobotTests.xctest; sourceTree = BUILT_PRODUCTS_DIR; };
		8CD69C5E1AE348C500D6EDB7 /* Info.plist */ = {isa = PBXFileReference; lastKnownFileType = text.plist.xml; path = Info.plist; sourceTree = "<group>"; };
		8CD69C5F1AE348C500D6EDB7 /* sumobotTests.m */ = {isa = PBXFileReference; lastKnownFileType = sourcecode.c.objc; path = sumobotTests.m; sourceTree = "<group>"; };
/* End PBXFileReference section */

/* Begin PBXFrameworksBuildPhase section */
		8CD69C3D1AE348C500D6EDB7 /* Frameworks */ = {
			isa = PBXFrameworksBuildPhase;
			buildActionMask = 2147483647;
			files = (
			);
			runOnlyForDeploymentPostprocessing = 0;
		};
		8CD69C561AE348C500D6EDB7 /* Frameworks */ = {
			isa = PBXFrameworksBuildPhase;
			buildActionMask = 2147483647;
			files = (
			);
			runOnlyForDeploymentPostprocessing = 0;
		};
/* End PBXFrameworksBuildPhase section */

/* Begin PBXGroup section */
		8CD69C371AE348C500D6EDB7 = {
			isa = PBXGroup;
			children = (
				8CD69C421AE348C500D6EDB7 /* sumobot */,
				8CD69C5C1AE348C500D6EDB7 /* sumobotTests */,
				8CD69C411AE348C500D6EDB7 /* Products */,
			);
			sourceTree = "<group>";
		};
		8CD69C411AE348C500D6EDB7 /* Products */ = {
			isa = PBXGroup;
			children = (
				8CD69C401AE348C500D6EDB7 /* sumobot.app */,
				8CD69C591AE348C500D6EDB7 /* sumobotTests.xctest */,
			);
			name = Products;
			sourceTree = "<group>";
		};
		8CD69C421AE348C500D6EDB7 /* sumobot */ = {
			isa = PBXGroup;
			children = (
				8CD69C471AE348C500D6EDB7 /* AppDelegate.h */,
				8CD69C481AE348C500D6EDB7 /* AppDelegate.m */,
				8CD69C4A1AE348C500D6EDB7 /* ViewController.h */,
				8CD69C4B1AE348C500D6EDB7 /* ViewController.m */,
				8CD69C4D1AE348C500D6EDB7 /* Main.storyboard */,
				8CD69C501AE348C500D6EDB7 /* Images.xcassets */,
				8CD69C521AE348C500D6EDB7 /* LaunchScreen.xib */,
				8CD69C431AE348C500D6EDB7 /* Supporting Files */,
				426B240AF71365374AE070C2 /* BTLEService.m */,
				426B2AFD34D99E171ADCF155 /* BTLEService.h */,
				426B293439C068C743BE1A68 /* BTLEServiceDelegate.h */,
			);
			path = sumobot;
			sourceTree = "<group>";
		};
		8CD69C431AE348C500D6EDB7 /* Supporting Files */ = {
			isa = PBXGroup;
			children = (
				8CD69C441AE348C500D6EDB7 /* Info.plist */,
				8CD69C451AE348C500D6EDB7 /* main.m */,
			);
			name = "Supporting Files";
			sourceTree = "<group>";
		};
		8CD69C5C1AE348C500D6EDB7 /* sumobotTests */ = {
			isa = PBXGroup;
			children = (
				8CD69C5F1AE348C500D6EDB7 /* sumobotTests.m */,
				8CD69C5D1AE348C500D6EDB7 /* Supporting Files */,
			);
			path = sumobotTests;
			sourceTree = "<group>";
		};
		8CD69C5D1AE348C500D6EDB7 /* Supporting Files */ = {
			isa = PBXGroup;
			children = (
				8CD69C5E1AE348C500D6EDB7 /* Info.plist */,
			);
			name = "Supporting Files";
			sourceTree = "<group>";
		};
/* End PBXGroup section */

/* Begin PBXNativeTarget section */
		8CD69C3F1AE348C500D6EDB7 /* sumobot */ = {
			isa = PBXNativeTarget;
			buildConfigurationList = 8CD69C631AE348C500D6EDB7 /* Build configuration list for PBXNativeTarget "sumobot" */;
			buildPhases = (
				8CD69C3C1AE348C500D6EDB7 /* Sources */,
				8CD69C3D1AE348C500D6EDB7 /* Frameworks */,
				8CD69C3E1AE348C500D6EDB7 /* Resources */,
			);
			buildRules = (
			);
			dependencies = (
			);
			name = sumobot;
			productName = sumobot;
			productReference = 8CD69C401AE348C500D6EDB7 /* sumobot.app */;
			productType = "com.apple.product-type.application";
		};
		8CD69C581AE348C500D6EDB7 /* sumobotTests */ = {
			isa = PBXNativeTarget;
			buildConfigurationList = 8CD69C661AE348C500D6EDB7 /* Build configuration list for PBXNativeTarget "sumobotTests" */;
			buildPhases = (
				8CD69C551AE348C500D6EDB7 /* Sources */,
				8CD69C561AE348C500D6EDB7 /* Frameworks */,
				8CD69C571AE348C500D6EDB7 /* Resources */,
			);
			buildRules = (
			);
			dependencies = (
				8CD69C5B1AE348C500D6EDB7 /* PBXTargetDependency */,
			);
			name = sumobotTests;
			productName = sumobotTests;
			productReference = 8CD69C591AE348C500D6EDB7 /* sumobotTests.xctest */;
			productType = "com.apple.product-type.bundle.unit-test";
		};
/* End PBXNativeTarget section */

/* Begin PBXProject section */
		8CD69C381AE348C500D6EDB7 /* Project object */ = {
			isa = PBXProject;
			attributes = {
				LastUpgradeCheck = 0630;
				ORGANIZATIONNAME = "Make on the Lake";
				TargetAttributes = {
					8CD69C3F1AE348C500D6EDB7 = {
						CreatedOnToolsVersion = 6.3;
					};
					8CD69C581AE348C500D6EDB7 = {
						CreatedOnToolsVersion = 6.3;
						TestTargetID = 8CD69C3F1AE348C500D6EDB7;
					};
				};
			};
			buildConfigurationList = 8CD69C3B1AE348C500D6EDB7 /* Build configuration list for PBXProject "sumobot" */;
			compatibilityVersion = "Xcode 3.2";
			developmentRegion = English;
			hasScannedForEncodings = 0;
			knownRegions = (
				en,
				Base,
			);
			mainGroup = 8CD69C371AE348C500D6EDB7;
			productRefGroup = 8CD69C411AE348C500D6EDB7 /* Products */;
			projectDirPath = "";
			projectRoot = "";
			targets = (
				8CD69C3F1AE348C500D6EDB7 /* sumobot */,
				8CD69C581AE348C500D6EDB7 /* sumobotTests */,
			);
		};
/* End PBXProject section */

/* Begin PBXResourcesBuildPhase section */
		8CD69C3E1AE348C500D6EDB7 /* Resources */ = {
			isa = PBXResourcesBuildPhase;
			buildActionMask = 2147483647;
			files = (
				8CD69C4F1AE348C500D6EDB7 /* Main.storyboard in Resources */,
				8CD69C541AE348C500D6EDB7 /* LaunchScreen.xib in Resources */,
				8CD69C511AE348C500D6EDB7 /* Images.xcassets in Resources */,
			);
			runOnlyForDeploymentPostprocessing = 0;
		};
		8CD69C571AE348C500D6EDB7 /* Resources */ = {
			isa = PBXResourcesBuildPhase;
			buildActionMask = 2147483647;
			files = (
			);
			runOnlyForDeploymentPostprocessing = 0;
		};
/* End PBXResourcesBuildPhase section */

/* Begin PBXSourcesBuildPhase section */
		8CD69C3C1AE348C500D6EDB7 /* Sources */ = {
			isa = PBXSourcesBuildPhase;
			buildActionMask = 2147483647;
			files = (
				8CD69C4C1AE348C500D6EDB7 /* ViewController.m in Sources */,
				8CD69C491AE348C500D6EDB7 /* AppDelegate.m in Sources */,
				8CD69C461AE348C500D6EDB7 /* main.m in Sources */,
				426B2465B94DD7DBE36B9213 /* BTLEService.m in Sources */,
			);
			runOnlyForDeploymentPostprocessing = 0;
		};
		8CD69C551AE348C500D6EDB7 /* Sources */ = {
			isa = PBXSourcesBuildPhase;
			buildActionMask = 2147483647;
			files = (
				8CD69C601AE348C500D6EDB7 /* sumobotTests.m in Sources */,
			);
			runOnlyForDeploymentPostprocessing = 0;
		};
/* End PBXSourcesBuildPhase section */

/* Begin PBXTargetDependency section */
		8CD69C5B1AE348C500D6EDB7 /* PBXTargetDependency */ = {
			isa = PBXTargetDependency;
			target = 8CD69C3F1AE348C500D6EDB7 /* sumobot */;
			targetProxy = 8CD69C5A1AE348C500D6EDB7 /* PBXContainerItemProxy */;
		};
/* End PBXTargetDependency section */

/* Begin PBXVariantGroup section */
		8CD69C4D1AE348C500D6EDB7 /* Main.storyboard */ = {
			isa = PBXVariantGroup;
			children = (
				8CD69C4E1AE348C500D6EDB7 /* Base */,
			);
			name = Main.storyboard;
			sourceTree = "<group>";
		};
		8CD69C521AE348C500D6EDB7 /* LaunchScreen.xib */ = {
			isa = PBXVariantGroup;
			children = (
				8CD69C531AE348C500D6EDB7 /* Base */,
			);
			name = LaunchScreen.xib;
			sourceTree = "<group>";
		};
/* End PBXVariantGroup section */

/* Begin XCBuildConfiguration section */
		8CD69C611AE348C500D6EDB7 /* Debug */ = {
			isa = XCBuildConfiguration;
			buildSettings = {
				ALWAYS_SEARCH_USER_PATHS = NO;
				CLANG_CXX_LANGUAGE_STANDARD = "gnu++0x";
				CLANG_CXX_LIBRARY = "libc++";
				CLANG_ENABLE_MODULES = YES;
				CLANG_ENABLE_OBJC_ARC = YES;
				CLANG_WARN_BOOL_CONVERSION = YES;
				CLANG_WARN_CONSTANT_CONVERSION = YES;
				CLANG_WARN_DIRECT_OBJC_ISA_USAGE = YES_ERROR;
				CLANG_WARN_EMPTY_BODY = YES;
				CLANG_WARN_ENUM_CONVERSION = YES;
				CLANG_WARN_INT_CONVERSION = YES;
				CLANG_WARN_OBJC_ROOT_CLASS = YES_ERROR;
				CLANG_WARN_UNREACHABLE_CODE = YES;
				CLANG_WARN__DUPLICATE_METHOD_MATCH = YES;
				"CODE_SIGN_IDENTITY[sdk=iphoneos*]" = "iPhone Developer";
				COPY_PHASE_STRIP = NO;
				DEBUG_INFORMATION_FORMAT = "dwarf-with-dsym";
				ENABLE_STRICT_OBJC_MSGSEND = YES;
				GCC_C_LANGUAGE_STANDARD = gnu99;
				GCC_DYNAMIC_NO_PIC = NO;
				GCC_NO_COMMON_BLOCKS = YES;
				GCC_OPTIMIZATION_LEVEL = 0;
				GCC_PREPROCESSOR_DEFINITIONS = (
					"DEBUG=1",
					"$(inherited)",
				);
				GCC_SYMBOLS_PRIVATE_EXTERN = NO;
				GCC_WARN_64_TO_32_BIT_CONVERSION = YES;
				GCC_WARN_ABOUT_RETURN_TYPE = YES_ERROR;
				GCC_WARN_UNDECLARED_SELECTOR = YES;
				GCC_WARN_UNINITIALIZED_AUTOS = YES_AGGRESSIVE;
				GCC_WARN_UNUSED_FUNCTION = YES;
				GCC_WARN_UNUSED_VARIABLE = YES;
				IPHONEOS_DEPLOYMENT_TARGET = 8.3;
				MTL_ENABLE_DEBUG_INFO = YES;
				ONLY_ACTIVE_ARCH = YES;
				SDKROOT = iphoneos;
				TARGETED_DEVICE_FAMILY = "1,2";
			};
			name = Debug;
		};
		8CD69C621AE348C500D6EDB7 /* Release */ = {
			isa = XCBuildConfiguration;
			buildSettings = {
				ALWAYS_SEARCH_USER_PATHS = NO;
				CLANG_CXX_LANGUAGE_STANDARD = "gnu++0x";
				CLANG_CXX_LIBRARY = "libc++";
				CLANG_ENABLE_MODULES = YES;
				CLANG_ENABLE_OBJC_ARC = YES;
				CLANG_WARN_BOOL_CONVERSION = YES;
				CLANG_WARN_CONSTANT_CONVERSION = YES;
				CLANG_WARN_DIRECT_OBJC_ISA_USAGE = YES_ERROR;
				CLANG_WARN_EMPTY_BODY = YES;
				CLANG_WARN_ENUM_CONVERSION = YES;
				CLANG_WARN_INT_CONVERSION = YES;
				CLANG_WARN_OBJC_ROOT_CLASS = YES_ERROR;
				CLANG_WARN_UNREACHABLE_CODE = YES;
				CLANG_WARN__DUPLICATE_METHOD_MATCH = YES;
				"CODE_SIGN_IDENTITY[sdk=iphoneos*]" = "iPhone Developer";
				COPY_PHASE_STRIP = NO;
				DEBUG_INFORMATION_FORMAT = "dwarf-with-dsym";
				ENABLE_NS_ASSERTIONS = NO;
				ENABLE_STRICT_OBJC_MSGSEND = YES;
				GCC_C_LANGUAGE_STANDARD = gnu99;
				GCC_NO_COMMON_BLOCKS = YES;
				GCC_WARN_64_TO_32_BIT_CONVERSION = YES;
				GCC_WARN_ABOUT_RETURN_TYPE = YES_ERROR;
				GCC_WARN_UNDECLARED_SELECTOR = YES;
				GCC_WARN_UNINITIALIZED_AUTOS = YES_AGGRESSIVE;
				GCC_WARN_UNUSED_FUNCTION = YES;
				GCC_WARN_UNUSED_VARIABLE = YES;
				IPHONEOS_DEPLOYMENT_TARGET = 8.3;
				MTL_ENABLE_DEBUG_INFO = NO;
				SDKROOT = iphoneos;
				TARGETED_DEVICE_FAMILY = "1,2";
				VALIDATE_PRODUCT = YES;
			};
			name = Release;
		};
		8CD69C641AE348C500D6EDB7 /* Debug */ = {
			isa = XCBuildConfiguration;
			buildSettings = {
				ASSETCATALOG_COMPILER_APPICON_NAME = AppIcon;
				"CODE_SIGN_IDENTITY[sdk=iphoneos*]" = "iPhone Developer: Gary Johnson (62PCL36K84)";
				INFOPLIST_FILE = sumobot/Info.plist;
				LD_RUNPATH_SEARCH_PATHS = "$(inherited) @executable_path/Frameworks";
				PRODUCT_NAME = "$(TARGET_NAME)";
			};
			name = Debug;
		};
		8CD69C651AE348C500D6EDB7 /* Release */ = {
			isa = XCBuildConfiguration;
			buildSettings = {
				ASSETCATALOG_COMPILER_APPICON_NAME = AppIcon;
				"CODE_SIGN_IDENTITY[sdk=iphoneos*]" = "iPhone Developer: Gary Johnson (62PCL36K84)";
				INFOPLIST_FILE = sumobot/Info.plist;
				LD_RUNPATH_SEARCH_PATHS = "$(inherited) @executable_path/Frameworks";
				PRODUCT_NAME = "$(TARGET_NAME)";
			};
			name = Release;
		};
		8CD69C671AE348C500D6EDB7 /* Debug */ = {
			isa = XCBuildConfiguration;
			buildSettings = {
				BUNDLE_LOADER = "$(TEST_HOST)";
				FRAMEWORK_SEARCH_PATHS = (
					"$(SDKROOT)/Developer/Library/Frameworks",
					"$(inherited)",
				);
				GCC_PREPROCESSOR_DEFINITIONS = (
					"DEBUG=1",
					"$(inherited)",
				);
				INFOPLIST_FILE = sumobotTests/Info.plist;
				LD_RUNPATH_SEARCH_PATHS = "$(inherited) @executable_path/Frameworks @loader_path/Frameworks";
				PRODUCT_NAME = "$(TARGET_NAME)";
				TEST_HOST = "$(BUILT_PRODUCTS_DIR)/sumobot.app/sumobot";
			};
			name = Debug;
		};
		8CD69C681AE348C500D6EDB7 /* Release */ = {
			isa = XCBuildConfiguration;
			buildSettings = {
				BUNDLE_LOADER = "$(TEST_HOST)";
				FRAMEWORK_SEARCH_PATHS = (
					"$(SDKROOT)/Developer/Library/Frameworks",
					"$(inherited)",
				);
				INFOPLIST_FILE = sumobotTests/Info.plist;
				LD_RUNPATH_SEARCH_PATHS = "$(inherited) @executable_path/Frameworks @loader_path/Frameworks";
				PRODUCT_NAME = "$(TARGET_NAME)";
				TEST_HOST = "$(BUILT_PRODUCTS_DIR)/sumobot.app/sumobot";
			};
			name = Release;
		};
/* End XCBuildConfiguration section */

/* Begin XCConfigurationList section */
		8CD69C3B1AE348C500D6EDB7 /* Build configuration list for PBXProject "sumobot" */ = {
			isa = XCConfigurationList;
			buildConfigurations = (
				8CD69C611AE348C500D6EDB7 /* Debug */,
				8CD69C621AE348C500D6EDB7 /* Release */,
			);
			defaultConfigurationIsVisible = 0;
			defaultConfigurationName = Release;
		};
		8CD69C631AE348C500D6EDB7 /* Build configuration list for PBXNativeTarget "sumobot" */ = {
			isa = XCConfigurationList;
			buildConfigurations = (
				8CD69C641AE348C500D6EDB7 /* Debug */,
				8CD69C651AE348C500D6EDB7 /* Release */,
			);
			defaultConfigurationIsVisible = 0;
		};
		8CD69C661AE348C500D6EDB7 /* Build configuration list for PBXNativeTarget "sumobotTests" */ = {
			isa = XCConfigurationList;
			buildConfigurations = (
				8CD69C671AE348C500D6EDB7 /* Debug */,
				8CD69C681AE348C500D6EDB7 /* Release */,
			);
			defaultConfigurationIsVisible = 0;
		};
/* End XCConfigurationList section */
	};
	rootObject = 8CD69C381AE348C500D6EDB7 /* Project object */;
}
